
Microsoft Visual Studio Solution File, Format Version 12.00
# Visual Studio 15
VisualStudioVersion = 15.0.28307.1231
MinimumVisualStudioVersion = 10.0.40219.1
Project("{8BC9CEB8-8B4A-11D0-8D11-00A0C91BC942}") = "is_void", "is_void\is_void.vcxproj", "{1B82744C-8129-4B01-9CF1-D95663F898C5}"
EndProject
Project("{8BC9CEB8-8B4A-11D0-8D11-00A0C91BC942}") = "is_same", "is_same\is_same.vcxproj", "{ECE19645-739D-43A8-8345-D5E11DAE5763}"
EndProject
Global
	GlobalSection(SolutionConfigurationPlatforms) = preSolution
		Debug|x64 = Debug|x64
		Debug|x86 = Debug|x86
		Release|x64 = Release|x64
		Release|x86 = Release|x86
	EndGlobalSection
	GlobalSection(ProjectConfigurationPlatforms) = postSolution
		{1B82744C-8129-4B01-9CF1-D95663F898C5}.Debug|x64.ActiveCfg = Debug|x64
		{1B82744C-8129-4B01-9CF1-D95663F898C5}.Debug|x64.Build.0 = Debug|x64
		{1B82744C-8129-4B01-9CF1-D95663F898C5}.Debug|x86.ActiveCfg = Debug|Win32
		{1B82744C-8129-4B01-9CF1-D95663F898C5}.Debug|x86.Build.0 = Debug|Win32
		{1B82744C-8129-4B01-9CF1-D95663F898C5}.Release|x64.ActiveCfg = Release|x64
		{1B82744C-8129-4B01-9CF1-D95663F898C5}.Release|x64.Build.0 = Release|x64
		{1B82744C-8129-4B01-9CF1-D95663F898C5}.Release|x86.ActiveCfg = Release|Win32
		{1B82744C-8129-4B01-9CF1-D95663F898C5}.Release|x86.Build.0 = Release|Win32
		{ECE19645-739D-43A8-8345-D5E11DAE5763}.Debug|x64.ActiveCfg = Debug|x64
		{ECE19645-739D-43A8-8345-D5E11DAE5763}.Debug|x64.Build.0 = Debug|x64
		{ECE19645-739D-43A8-8345-D5E11DAE5763}.Debug|x86.ActiveCfg = Debug|Win32
		{ECE19645-739D-43A8-8345-D5E11DAE5763}.Debug|x86.Build.0 = Debug|Win32
		{ECE19645-739D-43A8-8345-D5E11DAE5763}.Release|x64.ActiveCfg = Release|x64
		{ECE19645-739D-43A8-8345-D5E11DAE5763}.Release|x64.Build.0 = Release|x64
		{ECE19645-739D-43A8-8345-D5E11DAE5763}.Release|x86.ActiveCfg = Release|Win32
		{ECE19645-739D-43A8-8345-D5E11DAE5763}.Release|x86.Build.0 = Release|Win32
	EndGlobalSection
	GlobalSection(SolutionProperties) = preSolution
		HideSolutionNode = FALSE
	EndGlobalSection
	GlobalSection(ExtensibilityGlobals) = postSolution
		SolutionGuid = {2F3A71B0-7B02-448C-888E-A70FAEC1281A}
	EndGlobalSection
EndGlobal
